
Microsoft Visual Studio Solution File, Format Version 12.00
# Visual Studio Version 17
VisualStudioVersion = 17.14.36908.2
MinimumVisualStudioVersion = 10.0.40219.1
Project("{FAE04EC0-301F-11D3-BF4B-00C04F79EFBC}") = "AM.ApplicationCore", "AM.ApplicationCore\AM.ApplicationCore.csproj", "{4C0EA961-CCB2-4769-A27F-99F040D4A98C}"
EndProject
Project("{FAE04EC0-301F-11D3-BF4B-00C04F79EFBC}") = "AM.ConsoleApp", "AM.ConsoleApp\AM.ConsoleApp.csproj", "{3A321F4F-A4D7-450B-AB0A-2A4DAD33C26F}"
EndProject
Project("{FAE04EC0-301F-11D3-BF4B-00C04F79EFBC}") = "AM.Infrastructure", "AM.Infrastructure\AM.Infrastructure.csproj", "{2CB49D21-38DC-4FE5-85AC-9C36F5ADA18B}"
EndProject
Global
	GlobalSection(SolutionConfigurationPlatforms) = preSolution
		Debug|Any CPU = Debug|Any CPU
		Release|Any CPU = Release|Any CPU
	EndGlobalSection
	GlobalSection(ProjectConfigurationPlatforms) = postSolution
		{4C0EA961-CCB2-4769-A27F-99F040D4A98C}.Debug|Any CPU.ActiveCfg = Debug|Any CPU
		{4C0EA961-CCB2-4769-A27F-99F040D4A98C}.Debug|Any CPU.Build.0 = Debug|Any CPU
		{4C0EA961-CCB2-4769-A27F-99F040D4A98C}.Release|Any CPU.ActiveCfg = Release|Any CPU
		{4C0EA961-CCB2-4769-A27F-99F040D4A98C}.Release|Any CPU.Build.0 = Release|Any CPU
		{3A321F4F-A4D7-450B-AB0A-2A4DAD33C26F}.Debug|Any CPU.ActiveCfg = Debug|Any CPU
		{3A321F4F-A4D7-450B-AB0A-2A4DAD33C26F}.Debug|Any CPU.Build.0 = Debug|Any CPU
		{3A321F4F-A4D7-450B-AB0A-2A4DAD33C26F}.Release|Any CPU.ActiveCfg = Release|Any CPU
		{3A321F4F-A4D7-450B-AB0A-2A4DAD33C26F}.Release|Any CPU.Build.0 = Release|Any CPU
		{2CB49D21-38DC-4FE5-85AC-9C36F5ADA18B}.Debug|Any CPU.ActiveCfg = Debug|Any CPU
		{2CB49D21-38DC-4FE5-85AC-9C36F5ADA18B}.Debug|Any CPU.Build.0 = Debug|Any CPU
		{2CB49D21-38DC-4FE5-85AC-9C36F5ADA18B}.Release|Any CPU.ActiveCfg = Release|Any CPU
		{2CB49D21-38DC-4FE5-85AC-9C36F5ADA18B}.Release|Any CPU.Build.0 = Release|Any CPU
	EndGlobalSection
	GlobalSection(SolutionProperties) = preSolution
		HideSolutionNode = FALSE
	EndGlobalSection
	GlobalSection(ExtensibilityGlobals) = postSolution
		SolutionGuid = {953E9518-856B-43AC-8959-493342A7207F}
	EndGlobalSection
EndGlobal
